<Solution>
  <Folder Name="/tests/">
    <Project Path="tests/Application.Tests/Application.Tests.csproj" />
    <Project Path="tests/Infrastructure.Tests/Infrastructure.Tests.csproj" />
  </Folder>
  <Project Path="Application/Application.csproj" />
  <Project Path="Domain/Domain.csproj" />
  <Project Path="Infrastructure/Infrastructure.csproj" />
  <Project Path="ProductManagementAPI/ProductManagementAPI.csproj" />
</Solution>
